// !$*UTF8*$!
{
	archiveVersion = 1;
	classes = {
	};
	objectVersion = 52;
	objects = {

/* Begin PBXBuildFile section */
		6F03EEAE25AE1706005ABD99 /* SwiftyJSON in Frameworks */ = {isa = PBXBuildFile; productRef = 6F03EEAD25AE1706005ABD99 /* SwiftyJSON */; };
		6F03EEB225AE26B5005ABD99 /* MainWindowController.swift in Sources */ = {isa = PBXBuildFile; fileRef = 6F03EEB125AE26B5005ABD99 /* MainWindowController.swift */; };
		6F2EE07525A99FB300B4E169 /* Authorization.m in Sources */ = {isa = PBXBuildFile; fileRef = 6F2EE07425A99FB300B4E169 /* Authorization.m */; };
		6F2F8C6425ADE91B004C231D /* ProgressSheetController.swift in Sources */ = {isa = PBXBuildFile; fileRef = 6F2F8C6325ADE91B004C231D /* ProgressSheetController.swift */; };
		6FB349AF25A8C3F500666240 /* AppDelegate.swift in Sources */ = {isa = PBXBuildFile; fileRef = 6FB349AE25A8C3F500666240 /* AppDelegate.swift */; };
		6FB349B125A8C3F500666240 /* ViewController.swift in Sources */ = {isa = PBXBuildFile; fileRef = 6FB349B025A8C3F500666240 /* ViewController.swift */; };
		6FB349B325A8C3F700666240 /* Assets.xcassets in Resources */ = {isa = PBXBuildFile; fileRef = 6FB349B225A8C3F700666240 /* Assets.xcassets */; };
		6FB349B625A8C3F700666240 /* Main.storyboard in Resources */ = {isa = PBXBuildFile; fileRef = 6FB349B425A8C3F700666240 /* Main.storyboard */; };
		6FB349C625A8E4C400666240 /* xhyve in Resources */ = {isa = PBXBuildFile; fileRef = 6FB349C525A8E4C400666240 /* xhyve */; };
		6FB349CB25A8ECF800666240 /* initrd.img-4.4.0-131-generic in Resources */ = {isa = PBXBuildFile; fileRef = 6FB349C925A8ECF800666240 /* initrd.img-4.4.0-131-generic */; };
		6FB349CC25A8ECF800666240 /* vmlinuz-4.4.0-131-generic in Resources */ = {isa = PBXBuildFile; fileRef = 6FB349CA25A8ECF800666240 /* vmlinuz-4.4.0-131-generic */; };
/* End PBXBuildFile section */

/* Begin PBXFileReference section */
		6F03EEB125AE26B5005ABD99 /* MainWindowController.swift */ = {isa = PBXFileReference; lastKnownFileType = sourcecode.swift; path = MainWindowController.swift; sourceTree = "<group>"; };
		6F2EE07325A99FB300B4E169 /* Ubuntu-Bridging-Header.h */ = {isa = PBXFileReference; lastKnownFileType = sourcecode.c.h; path = "Ubuntu-Bridging-Header.h"; sourceTree = "<group>"; };
		6F2EE07425A99FB300B4E169 /* Authorization.m */ = {isa = PBXFileReference; lastKnownFileType = sourcecode.c.objc; path = Authorization.m; sourceTree = "<group>"; };
		6F2F8C6325ADE91B004C231D /* ProgressSheetController.swift */ = {isa = PBXFileReference; lastKnownFileType = sourcecode.swift; path = ProgressSheetController.swift; sourceTree = "<group>"; };
		6FB349AB25A8C3F500666240 /* Ubuntu.app */ = {isa = PBXFileReference; explicitFileType = wrapper.application; includeInIndex = 0; path = Ubuntu.app; sourceTree = BUILT_PRODUCTS_DIR; };
		6FB349AE25A8C3F500666240 /* AppDelegate.swift */ = {isa = PBXFileReference; lastKnownFileType = sourcecode.swift; path = AppDelegate.swift; sourceTree = "<group>"; };
		6FB349B025A8C3F500666240 /* ViewController.swift */ = {isa = PBXFileReference; lastKnownFileType = sourcecode.swift; path = ViewController.swift; sourceTree = "<group>"; };
		6FB349B225A8C3F700666240 /* Assets.xcassets */ = {isa = PBXFileReference; lastKnownFileType = folder.assetcatalog; path = Assets.xcassets; sourceTree = "<group>"; };
		6FB349B525A8C3F700666240 /* Base */ = {isa = PBXFileReference; lastKnownFileType = file.storyboard; name = Base; path = Base.lproj/Main.storyboard; sourceTree = "<group>"; };
		6FB349B725A8C3F700666240 /* Info.plist */ = {isa = PBXFileReference; lastKnownFileType = text.plist.xml; path = Info.plist; sourceTree = "<group>"; };
		6FB349B825A8C3F700666240 /* Ubuntu.entitlements */ = {isa = PBXFileReference; lastKnownFileType = text.plist.entitlements; path = Ubuntu.entitlements; sourceTree = "<group>"; };
		6FB349C525A8E4C400666240 /* xhyve */ = {isa = PBXFileReference; lastKnownFileType = "compiled.mach-o.executable"; path = xhyve; sourceTree = "<group>"; };
		6FB349C925A8ECF800666240 /* initrd.img-4.4.0-131-generic */ = {isa = PBXFileReference; lastKnownFileType = file; path = "initrd.img-4.4.0-131-generic"; sourceTree = "<group>"; };
		6FB349CA25A8ECF800666240 /* vmlinuz-4.4.0-131-generic */ = {isa = PBXFileReference; lastKnownFileType = file; path = "vmlinuz-4.4.0-131-generic"; sourceTree = "<group>"; };
/* End PBXFileReference section */

/* Begin PBXFrameworksBuildPhase section */
		6FB349A825A8C3F500666240 /* Frameworks */ = {
			isa = PBXFrameworksBuildPhase;
			buildActionMask = 2147483647;
			files = (
				6F03EEAE25AE1706005ABD99 /* SwiftyJSON in Frameworks */,
			);
			runOnlyForDeploymentPostprocessing = 0;
		};
/* End PBXFrameworksBuildPhase section */

/* Begin PBXGroup section */
		6FB349A225A8C3F500666240 = {
			isa = PBXGroup;
			children = (
				6FB349AD25A8C3F500666240 /* Ubuntu */,
				6FB349AC25A8C3F500666240 /* Products */,
				6FB349BF25A8E11100666240 /* Frameworks */,
			);
			sourceTree = "<group>";
		};
		6FB349AC25A8C3F500666240 /* Products */ = {
			isa = PBXGroup;
			children = (
				6FB349AB25A8C3F500666240 /* Ubuntu.app */,
			);
			name = Products;
			sourceTree = "<group>";
		};
		6FB349AD25A8C3F500666240 /* Ubuntu */ = {
			isa = PBXGroup;
			children = (
				6FB349C825A8ECC600666240 /* boot */,
				6FB349AE25A8C3F500666240 /* AppDelegate.swift */,
				6FB349B025A8C3F500666240 /* ViewController.swift */,
				6FB349B225A8C3F700666240 /* Assets.xcassets */,
				6FB349C525A8E4C400666240 /* xhyve */,
				6FB349B425A8C3F700666240 /* Main.storyboard */,
				6FB349B725A8C3F700666240 /* Info.plist */,
				6FB349B825A8C3F700666240 /* Ubuntu.entitlements */,
				6F2EE07425A99FB300B4E169 /* Authorization.m */,
				6F2EE07325A99FB300B4E169 /* Ubuntu-Bridging-Header.h */,
				6F2F8C6325ADE91B004C231D /* ProgressSheetController.swift */,
				6F03EEB125AE26B5005ABD99 /* MainWindowController.swift */,
			);
			path = Ubuntu;
			sourceTree = "<group>";
		};
		6FB349BF25A8E11100666240 /* Frameworks */ = {
			isa = PBXGroup;
			children = (
			);
			name = Frameworks;
			sourceTree = "<group>";
		};
		6FB349C825A8ECC600666240 /* boot */ = {
			isa = PBXGroup;
			children = (
				6FB349C925A8ECF800666240 /* initrd.img-4.4.0-131-generic */,
				6FB349CA25A8ECF800666240 /* vmlinuz-4.4.0-131-generic */,
			);
			path = boot;
			sourceTree = "<group>";
		};
/* End PBXGroup section */

/* Begin PBXNativeTarget section */
		6FB349AA25A8C3F500666240 /* Ubuntu */ = {
			isa = PBXNativeTarget;
			buildConfigurationList = 6FB349BB25A8C3F700666240 /* Build configuration list for PBXNativeTarget "Ubuntu" */;
			buildPhases = (
				6FB349A725A8C3F500666240 /* Sources */,
				6FB349A825A8C3F500666240 /* Frameworks */,
				6FB349A925A8C3F500666240 /* Resources */,
			);
			buildRules = (
			);
			dependencies = (
			);
			name = Ubuntu;
			packageProductDependencies = (
				6F03EEAD25AE1706005ABD99 /* SwiftyJSON */,
			);
			productName = Ubuntu;
			productReference = 6FB349AB25A8C3F500666240 /* Ubuntu.app */;
			productType = "com.apple.product-type.application";
		};
/* End PBXNativeTarget section */

/* Begin PBXProject section */
		6FB349A325A8C3F500666240 /* Project object */ = {
			isa = PBXProject;
			attributes = {
				KnownAssetTags = (
					xhyve,
				);
				LastSwiftUpdateCheck = 1230;
				LastUpgradeCheck = 1230;
				TargetAttributes = {
					6FB349AA25A8C3F500666240 = {
						CreatedOnToolsVersion = 12.3;
						LastSwiftMigration = 1230;
					};
				};
			};
			buildConfigurationList = 6FB349A625A8C3F500666240 /* Build configuration list for PBXProject "Ubuntu" */;
			compatibilityVersion = "Xcode 9.3";
			developmentRegion = en;
			hasScannedForEncodings = 0;
			knownRegions = (
				en,
				Base,
			);
			mainGroup = 6FB349A225A8C3F500666240;
			packageReferences = (
				6F03EEAC25AE1706005ABD99 /* XCRemoteSwiftPackageReference "SwiftyJSON" */,
			);
			productRefGroup = 6FB349AC25A8C3F500666240 /* Products */;
			projectDirPath = "";
			projectRoot = "";
			targets = (
				6FB349AA25A8C3F500666240 /* Ubuntu */,
			);
		};
/* End PBXProject section */

/* Begin PBXResourcesBuildPhase section */
		6FB349A925A8C3F500666240 /* Resources */ = {
			isa = PBXResourcesBuildPhase;
			buildActionMask = 2147483647;
			files = (
				6FB349C625A8E4C400666240 /* xhyve in Resources */,
				6FB349B325A8C3F700666240 /* Assets.xcassets in Resources */,
				6FB349CB25A8ECF800666240 /* initrd.img-4.4.0-131-generic in Resources */,
				6FB349CC25A8ECF800666240 /* vmlinuz-4.4.0-131-generic in Resources */,
				6FB349B625A8C3F700666240 /* Main.storyboard in Resources */,
			);
			runOnlyForDeploymentPostprocessing = 0;
		};
/* End PBXResourcesBuildPhase section */

/* Begin PBXSourcesBuildPhase section */
		6FB349A725A8C3F500666240 /* Sources */ = {
			isa = PBXSourcesBuildPhase;
			buildActionMask = 2147483647;
			files = (
				6FB349B125A8C3F500666240 /* ViewController.swift in Sources */,
				6FB349AF25A8C3F500666240 /* AppDelegate.swift in Sources */,
				6F2F8C6425ADE91B004C231D /* ProgressSheetController.swift in Sources */,
				6F2EE07525A99FB300B4E169 /* Authorization.m in Sources */,
				6F03EEB225AE26B5005ABD99 /* MainWindowController.swift in Sources */,
			);
			runOnlyForDeploymentPostprocessing = 0;
		};
/* End PBXSourcesBuildPhase section */

/* Begin PBXVariantGroup section */
		6FB349B425A8C3F700666240 /* Main.storyboard */ = {
			isa = PBXVariantGroup;
			children = (
				6FB349B525A8C3F700666240 /* Base */,
			);
			name = Main.storyboard;
			sourceTree = "<group>";
		};
/* End PBXVariantGroup section */

/* Begin XCBuildConfiguration section */
		6FB349B925A8C3F700666240 /* Debug */ = {
			isa = XCBuildConfiguration;
			buildSettings = {
				ALWAYS_SEARCH_USER_PATHS = NO;
				CLANG_ANALYZER_NONNULL = YES;
				CLANG_ANALYZER_NUMBER_OBJECT_CONVERSION = YES_AGGRESSIVE;
				CLANG_CXX_LANGUAGE_STANDARD = "gnu++14";
				CLANG_CXX_LIBRARY = "libc++";
				CLANG_ENABLE_MODULES = YES;
				CLANG_ENABLE_OBJC_ARC = YES;
				CLANG_ENABLE_OBJC_WEAK = YES;
				CLANG_WARN_BLOCK_CAPTURE_AUTORELEASING = YES;
				CLANG_WARN_BOOL_CONVERSION = YES;
				CLANG_WARN_COMMA = YES;
				CLANG_WARN_CONSTANT_CONVERSION = YES;
				CLANG_WARN_DEPRECATED_OBJC_IMPLEMENTATIONS = YES;
				CLANG_WARN_DIRECT_OBJC_ISA_USAGE = YES_ERROR;
				CLANG_WARN_DOCUMENTATION_COMMENTS = YES;
				CLANG_WARN_EMPTY_BODY = YES;
				CLANG_WARN_ENUM_CONVERSION = YES;
				CLANG_WARN_INFINITE_RECURSION = YES;
				CLANG_WARN_INT_CONVERSION = YES;
				CLANG_WARN_NON_LITERAL_NULL_CONVERSION = YES;
				CLANG_WARN_OBJC_IMPLICIT_RETAIN_SELF = YES;
				CLANG_WARN_OBJC_LITERAL_CONVERSION = YES;
				CLANG_WARN_OBJC_ROOT_CLASS = YES_ERROR;
				CLANG_WARN_QUOTED_INCLUDE_IN_FRAMEWORK_HEADER = YES;
				CLANG_WARN_RANGE_LOOP_ANALYSIS = YES;
				CLANG_WARN_STRICT_PROTOTYPES = YES;
				CLANG_WARN_SUSPICIOUS_MOVE = YES;
				CLANG_WARN_UNGUARDED_AVAILABILITY = YES_AGGRESSIVE;
				CLANG_WARN_UNREACHABLE_CODE = YES;
				CLANG_WARN__DUPLICATE_METHOD_MATCH = YES;
				COPY_PHASE_STRIP = NO;
				DEBUG_INFORMATION_FORMAT = dwarf;
				ENABLE_STRICT_OBJC_MSGSEND = YES;
				ENABLE_TESTABILITY = YES;
				GCC_C_LANGUAGE_STANDARD = gnu11;
				GCC_DYNAMIC_NO_PIC = NO;
				GCC_NO_COMMON_BLOCKS = YES;
				GCC_OPTIMIZATION_LEVEL = 0;
				GCC_PREPROCESSOR_DEFINITIONS = (
					"DEBUG=1",
					"$(inherited)",
				);
				GCC_WARN_64_TO_32_BIT_CONVERSION = YES;
				GCC_WARN_ABOUT_RETURN_TYPE = YES_ERROR;
				GCC_WARN_UNDECLARED_SELECTOR = YES;
				GCC_WARN_UNINITIALIZED_AUTOS = YES_AGGRESSIVE;
				GCC_WARN_UNUSED_FUNCTION = YES;
				GCC_WARN_UNUSED_VARIABLE = YES;
				MACOSX_DEPLOYMENT_TARGET = 11.1;
				MTL_ENABLE_DEBUG_INFO = INCLUDE_SOURCE;
				MTL_FAST_MATH = YES;
				ONLY_ACTIVE_ARCH = YES;
				SDKROOT = macosx;
				SWIFT_ACTIVE_COMPILATION_CONDITIONS = DEBUG;
				SWIFT_OPTIMIZATION_LEVEL = "-Onone";
			};
			name = Debug;
		};
		6FB349BA25A8C3F700666240 /* Release */ = {
			isa = XCBuildConfiguration;
			buildSettings = {
				ALWAYS_SEARCH_USER_PATHS = NO;
				CLANG_ANALYZER_NONNULL = YES;
				CLANG_ANALYZER_NUMBER_OBJECT_CONVERSION = YES_AGGRESSIVE;
				CLANG_CXX_LANGUAGE_STANDARD = "gnu++14";
				CLANG_CXX_LIBRARY = "libc++";
				CLANG_ENABLE_MODULES = YES;
				CLANG_ENABLE_OBJC_ARC = YES;
				CLANG_ENABLE_OBJC_WEAK = YES;
				CLANG_WARN_BLOCK_CAPTURE_AUTORELEASING = YES;
				CLANG_WARN_BOOL_CONVERSION = YES;
				CLANG_WARN_COMMA = YES;
				CLANG_WARN_CONSTANT_CONVERSION = YES;
				CLANG_WARN_DEPRECATED_OBJC_IMPLEMENTATIONS = YES;
				CLANG_WARN_DIRECT_OBJC_ISA_USAGE = YES_ERROR;
				CLANG_WARN_DOCUMENTATION_COMMENTS = YES;
				CLANG_WARN_EMPTY_BODY = YES;
				CLANG_WARN_ENUM_CONVERSION = YES;
				CLANG_WARN_INFINITE_RECURSION = YES;
				CLANG_WARN_INT_CONVERSION = YES;
				CLANG_WARN_NON_LITERAL_NULL_CONVERSION = YES;
				CLANG_WARN_OBJC_IMPLICIT_RETAIN_SELF = YES;
				CLANG_WARN_OBJC_LITERAL_CONVERSION = YES;
				CLANG_WARN_OBJC_ROOT_CLASS = YES_ERROR;
				CLANG_WARN_QUOTED_INCLUDE_IN_FRAMEWORK_HEADER = YES;
				CLANG_WARN_RANGE_LOOP_ANALYSIS = YES;
				CLANG_WARN_STRICT_PROTOTYPES = YES;
				CLANG_WARN_SUSPICIOUS_MOVE = YES;
				CLANG_WARN_UNGUARDED_AVAILABILITY = YES_AGGRESSIVE;
				CLANG_WARN_UNREACHABLE_CODE = YES;
				CLANG_WARN__DUPLICATE_METHOD_MATCH = YES;
				COPY_PHASE_STRIP = NO;
				DEBUG_INFORMATION_FORMAT = "dwarf-with-dsym";
				ENABLE_NS_ASSERTIONS = NO;
				ENABLE_STRICT_OBJC_MSGSEND = YES;
				GCC_C_LANGUAGE_STANDARD = gnu11;
				GCC_NO_COMMON_BLOCKS = YES;
				GCC_WARN_64_TO_32_BIT_CONVERSION = YES;
				GCC_WARN_ABOUT_RETURN_TYPE = YES_ERROR;
				GCC_WARN_UNDECLARED_SELECTOR = YES;
				GCC_WARN_UNINITIALIZED_AUTOS = YES_AGGRESSIVE;
				GCC_WARN_UNUSED_FUNCTION = YES;
				GCC_WARN_UNUSED_VARIABLE = YES;
				MACOSX_DEPLOYMENT_TARGET = 11.1;
				MTL_ENABLE_DEBUG_INFO = NO;
				MTL_FAST_MATH = YES;
				SDKROOT = macosx;
				SWIFT_COMPILATION_MODE = wholemodule;
				SWIFT_OPTIMIZATION_LEVEL = "-O";
			};
			name = Release;
		};
		6FB349BC25A8C3F700666240 /* Debug */ = {
			isa = XCBuildConfiguration;
			buildSettings = {
				ASSETCATALOG_COMPILER_APPICON_NAME = AppIcon;
				ASSETCATALOG_COMPILER_GLOBAL_ACCENT_COLOR_NAME = AccentColor;
				CLANG_ENABLE_MODULES = YES;
				CODE_SIGN_ENTITLEMENTS = Ubuntu/Ubuntu.entitlements;
				CODE_SIGN_STYLE = Automatic;
				COMBINE_HIDPI_IMAGES = YES;
				INFOPLIST_FILE = Ubuntu/Info.plist;
				LD_RUNPATH_SEARCH_PATHS = (
					"$(inherited)",
					"@executable_path/../Frameworks",
				);
				PRODUCT_BUNDLE_IDENTIFIER = org.sdslabs.Ubuntu;
				PRODUCT_NAME = "$(TARGET_NAME)";
				SWIFT_OBJC_BRIDGING_HEADER = "Ubuntu/Ubuntu-Bridging-Header.h";
				SWIFT_OPTIMIZATION_LEVEL = "-Onone";
				SWIFT_VERSION = 5.0;
			};
			name = Debug;
		};
		6FB349BD25A8C3F700666240 /* Release */ = {
			isa = XCBuildConfiguration;
			buildSettings = {
				ASSETCATALOG_COMPILER_APPICON_NAME = AppIcon;
				ASSETCATALOG_COMPILER_GLOBAL_ACCENT_COLOR_NAME = AccentColor;
				CLANG_ENABLE_MODULES = YES;
				CODE_SIGN_ENTITLEMENTS = Ubuntu/Ubuntu.entitlements;
				CODE_SIGN_STYLE = Automatic;
				COMBINE_HIDPI_IMAGES = YES;
				INFOPLIST_FILE = Ubuntu/Info.plist;
				LD_RUNPATH_SEARCH_PATHS = (
					"$(inherited)",
					"@executable_path/../Frameworks",
				);
				PRODUCT_BUNDLE_IDENTIFIER = org.sdslabs.Ubuntu;
				PRODUCT_NAME = "$(TARGET_NAME)";
				SWIFT_OBJC_BRIDGING_HEADER = "Ubuntu/Ubuntu-Bridging-Header.h";
				SWIFT_VERSION = 5.0;
			};
			name = Release;
		};
/* End XCBuildConfiguration section */

/* Begin XCConfigurationList section */
		6FB349A625A8C3F500666240 /* Build configuration list for PBXProject "Ubuntu" */ = {
			isa = XCConfigurationList;
			buildConfigurations = (
				6FB349B925A8C3F700666240 /* Debug */,
				6FB349BA25A8C3F700666240 /* Release */,
			);
			defaultConfigurationIsVisible = 0;
			defaultConfigurationName = Release;
		};
		6FB349BB25A8C3F700666240 /* Build configuration list for PBXNativeTarget "Ubuntu" */ = {
			isa = XCConfigurationList;
			buildConfigurations = (
				6FB349BC25A8C3F700666240 /* Debug */,
				6FB349BD25A8C3F700666240 /* Release */,
			);
			defaultConfigurationIsVisible = 0;
			defaultConfigurationName = Release;
		};
/* End XCConfigurationList section */

/* Begin XCRemoteSwiftPackageReference section */
		6F03EEAC25AE1706005ABD99 /* XCRemoteSwiftPackageReference "SwiftyJSON" */ = {
			isa = XCRemoteSwiftPackageReference;
			repositoryURL = "https://github.com/SwiftyJSON/SwiftyJSON";
			requirement = {
				kind = upToNextMajorVersion;
				minimumVersion = 5.0.0;
			};
		};
/* End XCRemoteSwiftPackageReference section */

/* Begin XCSwiftPackageProductDependency section */
		6F03EEAD25AE1706005ABD99 /* SwiftyJSON */ = {
			isa = XCSwiftPackageProductDependency;
			package = 6F03EEAC25AE1706005ABD99 /* XCRemoteSwiftPackageReference "SwiftyJSON" */;
			productName = SwiftyJSON;
		};
/* End XCSwiftPackageProductDependency section */
	};
	rootObject = 6FB349A325A8C3F500666240 /* Project object */;
}
